// !$*UTF8*$!
{
	archiveVersion = 1;
	classes = {
	};
	objectVersion = 56;
	objects = {

/* Begin PBXBuildFile section */
		3D2AE67F2BCAF73900CFDB44 /* NetworkManager.swift in Sources */ = {isa = PBXBuildFile; fileRef = 3D2AE67E2BCAF73900CFDB44 /* NetworkManager.swift */; };
		3D2AE6812BCAF7BD00CFDB44 /* Indicator.swift in Sources */ = {isa = PBXBuildFile; fileRef = 3D2AE6802BCAF7BD00CFDB44 /* Indicator.swift */; };
		3D2AE6832BCAF7F600CFDB44 /* Toast.swift in Sources */ = {isa = PBXBuildFile; fileRef = 3D2AE6822BCAF7F600CFDB44 /* Toast.swift */; };
		3D2AE6852BCAF8DB00CFDB44 /* Alerts.swift in Sources */ = {isa = PBXBuildFile; fileRef = 3D2AE6842BCAF8DB00CFDB44 /* Alerts.swift */; };
		3D2AE6872BCAFE3600CFDB44 /* ImageCachingManager.swift in Sources */ = {isa = PBXBuildFile; fileRef = 3D2AE6862BCAFE3600CFDB44 /* ImageCachingManager.swift */; };
		3D2AE68A2BCB00C800CFDB44 /* CVCellImage.swift in Sources */ = {isa = PBXBuildFile; fileRef = 3D2AE6892BCB00C800CFDB44 /* CVCellImage.swift */; };
		3DDC99E62BCADBB700F82B03 /* AppDelegate.swift in Sources */ = {isa = PBXBuildFile; fileRef = 3DDC99E52BCADBB700F82B03 /* AppDelegate.swift */; };
		3DDC99E82BCADBB700F82B03 /* SceneDelegate.swift in Sources */ = {isa = PBXBuildFile; fileRef = 3DDC99E72BCADBB700F82B03 /* SceneDelegate.swift */; };
		3DDC99EA2BCADBB700F82B03 /* VCImage.swift in Sources */ = {isa = PBXBuildFile; fileRef = 3DDC99E92BCADBB700F82B03 /* VCImage.swift */; };
		3DDC99ED2BCADBB700F82B03 /* Base in Resources */ = {isa = PBXBuildFile; fileRef = 3DDC99EC2BCADBB700F82B03 /* Base */; };
		3DDC99EF2BCADBB800F82B03 /* Assets.xcassets in Resources */ = {isa = PBXBuildFile; fileRef = 3DDC99EE2BCADBB800F82B03 /* Assets.xcassets */; };
		3DDC99F22BCADBB800F82B03 /* Base in Resources */ = {isa = PBXBuildFile; fileRef = 3DDC99F12BCADBB800F82B03 /* Base */; };
		3DDC9A022BCAEF7A00F82B03 /* UnsplashModel.swift in Sources */ = {isa = PBXBuildFile; fileRef = 3DDC9A012BCAEF7A00F82B03 /* UnsplashModel.swift */; };
		3DDC9A052BCAF10000F82B03 /* APIConstant.swift in Sources */ = {isa = PBXBuildFile; fileRef = 3DDC9A042BCAF10000F82B03 /* APIConstant.swift */; };
		3DDC9A072BCAF1E000F82B03 /* Configuration.swift in Sources */ = {isa = PBXBuildFile; fileRef = 3DDC9A062BCAF1E000F82B03 /* Configuration.swift */; };
		3DDC9A0A2BCAF61500F82B03 /* WebServiceHelper.swift in Sources */ = {isa = PBXBuildFile; fileRef = 3DDC9A092BCAF61500F82B03 /* WebServiceHelper.swift */; };
		E39B20231112AAE62E9C4170 /* Pods_SplashList.framework in Frameworks */ = {isa = PBXBuildFile; fileRef = 410A213138DA273664448D7E /* Pods_SplashList.framework */; };
/* End PBXBuildFile section */

/* Begin PBXFileReference section */
		15B1515234B08E3B3003A970 /* Pods-SplashList.debug.xcconfig */ = {isa = PBXFileReference; includeInIndex = 1; lastKnownFileType = text.xcconfig; name = "Pods-SplashList.debug.xcconfig"; path = "Target Support Files/Pods-SplashList/Pods-SplashList.debug.xcconfig"; sourceTree = "<group>"; };
		3D2AE67E2BCAF73900CFDB44 /* NetworkManager.swift */ = {isa = PBXFileReference; lastKnownFileType = sourcecode.swift; path = NetworkManager.swift; sourceTree = "<group>"; };
		3D2AE6802BCAF7BD00CFDB44 /* Indicator.swift */ = {isa = PBXFileReference; lastKnownFileType = sourcecode.swift; path = Indicator.swift; sourceTree = "<group>"; };
		3D2AE6822BCAF7F600CFDB44 /* Toast.swift */ = {isa = PBXFileReference; lastKnownFileType = sourcecode.swift; path = Toast.swift; sourceTree = "<group>"; };
		3D2AE6842BCAF8DB00CFDB44 /* Alerts.swift */ = {isa = PBXFileReference; lastKnownFileType = sourcecode.swift; path = Alerts.swift; sourceTree = "<group>"; };
		3D2AE6862BCAFE3600CFDB44 /* ImageCachingManager.swift */ = {isa = PBXFileReference; lastKnownFileType = sourcecode.swift; path = ImageCachingManager.swift; sourceTree = "<group>"; };
		3D2AE6892BCB00C800CFDB44 /* CVCellImage.swift */ = {isa = PBXFileReference; lastKnownFileType = sourcecode.swift; path = CVCellImage.swift; sourceTree = "<group>"; };
		3DDC99E22BCADBB700F82B03 /* SplashList.app */ = {isa = PBXFileReference; explicitFileType = wrapper.application; includeInIndex = 0; path = SplashList.app; sourceTree = BUILT_PRODUCTS_DIR; };
		3DDC99E52BCADBB700F82B03 /* AppDelegate.swift */ = {isa = PBXFileReference; lastKnownFileType = sourcecode.swift; path = AppDelegate.swift; sourceTree = "<group>"; };
		3DDC99E72BCADBB700F82B03 /* SceneDelegate.swift */ = {isa = PBXFileReference; lastKnownFileType = sourcecode.swift; path = SceneDelegate.swift; sourceTree = "<group>"; };
		3DDC99E92BCADBB700F82B03 /* VCImage.swift */ = {isa = PBXFileReference; lastKnownFileType = sourcecode.swift; path = VCImage.swift; sourceTree = "<group>"; };
		3DDC99EC2BCADBB700F82B03 /* Base */ = {isa = PBXFileReference; lastKnownFileType = file.storyboard; name = Base; path = Base.lproj/Main.storyboard; sourceTree = "<group>"; };
		3DDC99EE2BCADBB800F82B03 /* Assets.xcassets */ = {isa = PBXFileReference; lastKnownFileType = folder.assetcatalog; path = Assets.xcassets; sourceTree = "<group>"; };
		3DDC99F12BCADBB800F82B03 /* Base */ = {isa = PBXFileReference; lastKnownFileType = file.storyboard; name = Base; path = Base.lproj/LaunchScreen.storyboard; sourceTree = "<group>"; };
		3DDC99F32BCADBB800F82B03 /* Info.plist */ = {isa = PBXFileReference; lastKnownFileType = text.plist.xml; path = Info.plist; sourceTree = "<group>"; };
		3DDC9A012BCAEF7A00F82B03 /* UnsplashModel.swift */ = {isa = PBXFileReference; lastKnownFileType = sourcecode.swift; path = UnsplashModel.swift; sourceTree = "<group>"; };
		3DDC9A042BCAF10000F82B03 /* APIConstant.swift */ = {isa = PBXFileReference; lastKnownFileType = sourcecode.swift; path = APIConstant.swift; sourceTree = "<group>"; };
		3DDC9A062BCAF1E000F82B03 /* Configuration.swift */ = {isa = PBXFileReference; lastKnownFileType = sourcecode.swift; path = Configuration.swift; sourceTree = "<group>"; };
		3DDC9A092BCAF61500F82B03 /* WebServiceHelper.swift */ = {isa = PBXFileReference; lastKnownFileType = sourcecode.swift; path = WebServiceHelper.swift; sourceTree = "<group>"; };
		410A213138DA273664448D7E /* Pods_SplashList.framework */ = {isa = PBXFileReference; explicitFileType = wrapper.framework; includeInIndex = 0; path = Pods_SplashList.framework; sourceTree = BUILT_PRODUCTS_DIR; };
		52BC092C680BA70A1E99E865 /* Pods-SplashList.release.xcconfig */ = {isa = PBXFileReference; includeInIndex = 1; lastKnownFileType = text.xcconfig; name = "Pods-SplashList.release.xcconfig"; path = "Target Support Files/Pods-SplashList/Pods-SplashList.release.xcconfig"; sourceTree = "<group>"; };
/* End PBXFileReference section */

/* Begin PBXFrameworksBuildPhase section */
		3DDC99DF2BCADBB700F82B03 /* Frameworks */ = {
			isa = PBXFrameworksBuildPhase;
			buildActionMask = 2147483647;
			files = (
				E39B20231112AAE62E9C4170 /* Pods_SplashList.framework in Frameworks */,
			);
			runOnlyForDeploymentPostprocessing = 0;
		};
/* End PBXFrameworksBuildPhase section */

/* Begin PBXGroup section */
		3D2AE6882BCAFEFD00CFDB44 /* Cell */ = {
			isa = PBXGroup;
			children = (
				3D2AE6892BCB00C800CFDB44 /* CVCellImage.swift */,
			);
			path = Cell;
			sourceTree = "<group>";
		};
		3DDC99D92BCADBB700F82B03 = {
			isa = PBXGroup;
			children = (
				3DDC99E42BCADBB700F82B03 /* SplashList */,
				3DDC99E32BCADBB700F82B03 /* Products */,
				FAF5CC2D2F0942A3E9EEC48A /* Pods */,
				8BE8993D2EE2D4DF29B63AF8 /* Frameworks */,
			);
			sourceTree = "<group>";
		};
		3DDC99E32BCADBB700F82B03 /* Products */ = {
			isa = PBXGroup;
			children = (
				3DDC99E22BCADBB700F82B03 /* SplashList.app */,
			);
			name = Products;
			sourceTree = "<group>";
		};
		3DDC99E42BCADBB700F82B03 /* SplashList */ = {
			isa = PBXGroup;
			children = (
				3DDC9A082BCAF60400F82B03 /* WebServiceHelper */,
				3DDC9A032BCAF0EE00F82B03 /* Constant */,
				3DDC99FC2BCAEAFB00F82B03 /* Delegate */,
				3DDC99F92BCAEAE900F82B03 /* Model */,
				3DDC99FB2BCAEAF500F82B03 /* View */,
				3DDC99FA2BCAEAEF00F82B03 /* Controller */,
				3DDC99FF2BCAEB3400F82B03 /* Resources */,
				3DDC9A002BCAEB6100F82B03 /* UITheme */,
				3DDC99F32BCADBB800F82B03 /* Info.plist */,
			);
			path = SplashList;
			sourceTree = "<group>";
		};
		3DDC99F92BCAEAE900F82B03 /* Model */ = {
			isa = PBXGroup;
			children = (
				3DDC9A012BCAEF7A00F82B03 /* UnsplashModel.swift */,
			);
			path = Model;
			sourceTree = "<group>";
		};
		3DDC99FA2BCAEAEF00F82B03 /* Controller */ = {
			isa = PBXGroup;
			children = (
				3DDC99E92BCADBB700F82B03 /* VCImage.swift */,
				3D2AE6882BCAFEFD00CFDB44 /* Cell */,
			);
			path = Controller;
			sourceTree = "<group>";
		};
		3DDC99FB2BCAEAF500F82B03 /* View */ = {
			isa = PBXGroup;
			children = (
				3DDC99EB2BCADBB700F82B03 /* Main.storyboard */,
				3DDC99F02BCADBB800F82B03 /* LaunchScreen.storyboard */,
			);
			path = View;
			sourceTree = "<group>";
		};
		3DDC99FC2BCAEAFB00F82B03 /* Delegate */ = {
			isa = PBXGroup;
			children = (
				3DDC99E52BCADBB700F82B03 /* AppDelegate.swift */,
				3DDC99E72BCADBB700F82B03 /* SceneDelegate.swift */,
			);
			path = Delegate;
			sourceTree = "<group>";
		};
		3DDC99FF2BCAEB3400F82B03 /* Resources */ = {
			isa = PBXGroup;
			children = (
				3DDC99EE2BCADBB800F82B03 /* Assets.xcassets */,
			);
			path = Resources;
			sourceTree = "<group>";
		};
		3DDC9A002BCAEB6100F82B03 /* UITheme */ = {
			isa = PBXGroup;
			children = (
				3D2AE6802BCAF7BD00CFDB44 /* Indicator.swift */,
				3D2AE6822BCAF7F600CFDB44 /* Toast.swift */,
				3D2AE6842BCAF8DB00CFDB44 /* Alerts.swift */,
			);
			path = UITheme;
			sourceTree = "<group>";
		};
		3DDC9A032BCAF0EE00F82B03 /* Constant */ = {
			isa = PBXGroup;
			children = (
				3DDC9A042BCAF10000F82B03 /* APIConstant.swift */,
				3DDC9A062BCAF1E000F82B03 /* Configuration.swift */,
			);
			path = Constant;
			sourceTree = "<group>";
		};
		3DDC9A082BCAF60400F82B03 /* WebServiceHelper */ = {
			isa = PBXGroup;
			children = (
				3D2AE67E2BCAF73900CFDB44 /* NetworkManager.swift */,
				3DDC9A092BCAF61500F82B03 /* WebServiceHelper.swift */,
				3D2AE6862BCAFE3600CFDB44 /* ImageCachingManager.swift */,
			);
			path = WebServiceHelper;
			sourceTree = "<group>";
		};
		8BE8993D2EE2D4DF29B63AF8 /* Frameworks */ = {
			isa = PBXGroup;
			children = (
				410A213138DA273664448D7E /* Pods_SplashList.framework */,
			);
			name = Frameworks;
			sourceTree = "<group>";
		};
		FAF5CC2D2F0942A3E9EEC48A /* Pods */ = {
			isa = PBXGroup;
			children = (
				15B1515234B08E3B3003A970 /* Pods-SplashList.debug.xcconfig */,
				52BC092C680BA70A1E99E865 /* Pods-SplashList.release.xcconfig */,
			);
			path = Pods;
			sourceTree = "<group>";
		};
/* End PBXGroup section */

/* Begin PBXNativeTarget section */
		3DDC99E12BCADBB700F82B03 /* SplashList */ = {
			isa = PBXNativeTarget;
			buildConfigurationList = 3DDC99F62BCADBB800F82B03 /* Build configuration list for PBXNativeTarget "SplashList" */;
			buildPhases = (
				F2AE6B0EB83C5C1CB9966CAB /* [CP] Check Pods Manifest.lock */,
				3DDC99DE2BCADBB700F82B03 /* Sources */,
				3DDC99DF2BCADBB700F82B03 /* Frameworks */,
				3DDC99E02BCADBB700F82B03 /* Resources */,
				606DF2D793226C37E3857F92 /* [CP] Embed Pods Frameworks */,
			);
			buildRules = (
			);
			dependencies = (
			);
			name = SplashList;
			productName = SplashList;
			productReference = 3DDC99E22BCADBB700F82B03 /* SplashList.app */;
			productType = "com.apple.product-type.application";
		};
/* End PBXNativeTarget section */

/* Begin PBXProject section */
		3DDC99DA2BCADBB700F82B03 /* Project object */ = {
			isa = PBXProject;
			attributes = {
				BuildIndependentTargetsInParallel = 1;
				LastSwiftUpdateCheck = 1530;
				LastUpgradeCheck = 1530;
				TargetAttributes = {
					3DDC99E12BCADBB700F82B03 = {
						CreatedOnToolsVersion = 15.3;
					};
				};
			};
			buildConfigurationList = 3DDC99DD2BCADBB700F82B03 /* Build configuration list for PBXProject "SplashList" */;
			compatibilityVersion = "Xcode 14.0";
			developmentRegion = en;
			hasScannedForEncodings = 0;
			knownRegions = (
				en,
				Base,
			);
			mainGroup = 3DDC99D92BCADBB700F82B03;
			productRefGroup = 3DDC99E32BCADBB700F82B03 /* Products */;
			projectDirPath = "";
			projectRoot = "";
			targets = (
				3DDC99E12BCADBB700F82B03 /* SplashList */,
			);
		};
/* End PBXProject section */

/* Begin PBXResourcesBuildPhase section */
		3DDC99E02BCADBB700F82B03 /* Resources */ = {
			isa = PBXResourcesBuildPhase;
			buildActionMask = 2147483647;
			files = (
				3DDC99EF2BCADBB800F82B03 /* Assets.xcassets in Resources */,
				3DDC99F22BCADBB800F82B03 /* Base in Resources */,
				3DDC99ED2BCADBB700F82B03 /* Base in Resources */,
			);
			runOnlyForDeploymentPostprocessing = 0;
		};
/* End PBXResourcesBuildPhase section */

/* Begin PBXShellScriptBuildPhase section */
		606DF2D793226C37E3857F92 /* [CP] Embed Pods Frameworks */ = {
			isa = PBXShellScriptBuildPhase;
			buildActionMask = 2147483647;
			files = (
			);
			inputFileListPaths = (
				"${PODS_ROOT}/Target Support Files/Pods-SplashList/Pods-SplashList-frameworks-${CONFIGURATION}-input-files.xcfilelist",
			);
			name = "[CP] Embed Pods Frameworks";
			outputFileListPaths = (
				"${PODS_ROOT}/Target Support Files/Pods-SplashList/Pods-SplashList-frameworks-${CONFIGURATION}-output-files.xcfilelist",
			);
			runOnlyForDeploymentPostprocessing = 0;
			shellPath = /bin/sh;
			shellScript = "\"${PODS_ROOT}/Target Support Files/Pods-SplashList/Pods-SplashList-frameworks.sh\"\n";
			showEnvVarsInLog = 0;
		};
		F2AE6B0EB83C5C1CB9966CAB /* [CP] Check Pods Manifest.lock */ = {
			isa = PBXShellScriptBuildPhase;
			buildActionMask = 2147483647;
			files = (
			);
			inputFileListPaths = (
			);
			inputPaths = (
				"${PODS_PODFILE_DIR_PATH}/Podfile.lock",
				"${PODS_ROOT}/Manifest.lock",
			);
			name = "[CP] Check Pods Manifest.lock";
			outputFileListPaths = (
			);
			outputPaths = (
				"$(DERIVED_FILE_DIR)/Pods-SplashList-checkManifestLockResult.txt",
			);
			runOnlyForDeploymentPostprocessing = 0;
			shellPath = /bin/sh;
			shellScript = "diff \"${PODS_PODFILE_DIR_PATH}/Podfile.lock\" \"${PODS_ROOT}/Manifest.lock\" > /dev/null\nif [ $? != 0 ] ; then\n    # print error to STDERR\n    echo \"error: The sandbox is not in sync with the Podfile.lock. Run 'pod install' or update your CocoaPods installation.\" >&2\n    exit 1\nfi\n# This output is used by Xcode 'outputs' to avoid re-running this script phase.\necho \"SUCCESS\" > \"${SCRIPT_OUTPUT_FILE_0}\"\n";
			showEnvVarsInLog = 0;
		};
/* End PBXShellScriptBuildPhase section */

/* Begin PBXSourcesBuildPhase section */
		3DDC99DE2BCADBB700F82B03 /* Sources */ = {
			isa = PBXSourcesBuildPhase;
			buildActionMask = 2147483647;
			files = (
				3DDC9A0A2BCAF61500F82B03 /* WebServiceHelper.swift in Sources */,
				3DDC9A072BCAF1E000F82B03 /* Configuration.swift in Sources */,
				3DDC99EA2BCADBB700F82B03 /* VCImage.swift in Sources */,
				3DDC9A022BCAEF7A00F82B03 /* UnsplashModel.swift in Sources */,
				3D2AE67F2BCAF73900CFDB44 /* NetworkManager.swift in Sources */,
				3D2AE6832BCAF7F600CFDB44 /* Toast.swift in Sources */,
				3DDC99E62BCADBB700F82B03 /* AppDelegate.swift in Sources */,
				3DDC9A052BCAF10000F82B03 /* APIConstant.swift in Sources */,
				3D2AE6812BCAF7BD00CFDB44 /* Indicator.swift in Sources */,
				3D2AE6852BCAF8DB00CFDB44 /* Alerts.swift in Sources */,
				3D2AE68A2BCB00C800CFDB44 /* CVCellImage.swift in Sources */,
				3DDC99E82BCADBB700F82B03 /* SceneDelegate.swift in Sources */,
				3D2AE6872BCAFE3600CFDB44 /* ImageCachingManager.swift in Sources */,
			);
			runOnlyForDeploymentPostprocessing = 0;
		};
/* End PBXSourcesBuildPhase section */

/* Begin PBXVariantGroup section */
		3DDC99EB2BCADBB700F82B03 /* Main.storyboard */ = {
			isa = PBXVariantGroup;
			children = (
				3DDC99EC2BCADBB700F82B03 /* Base */,
			);
			name = Main.storyboard;
			sourceTree = "<group>";
		};
		3DDC99F02BCADBB800F82B03 /* LaunchScreen.storyboard */ = {
			isa = PBXVariantGroup;
			children = (
				3DDC99F12BCADBB800F82B03 /* Base */,
			);
			name = LaunchScreen.storyboard;
			sourceTree = "<group>";
		};
/* End PBXVariantGroup section */

/* Begin XCBuildConfiguration section */
		3DDC99F42BCADBB800F82B03 /* Debug */ = {
			isa = XCBuildConfiguration;
			buildSettings = {
				ALWAYS_SEARCH_USER_PATHS = NO;
				ASSETCATALOG_COMPILER_GENERATE_SWIFT_ASSET_SYMBOL_EXTENSIONS = YES;
				CLANG_ANALYZER_NONNULL = YES;
				CLANG_ANALYZER_NUMBER_OBJECT_CONVERSION = YES_AGGRESSIVE;
				CLANG_CXX_LANGUAGE_STANDARD = "gnu++20";
				CLANG_ENABLE_MODULES = YES;
				CLANG_ENABLE_OBJC_ARC = YES;
				CLANG_ENABLE_OBJC_WEAK = YES;
				CLANG_WARN_BLOCK_CAPTURE_AUTORELEASING = YES;
				CLANG_WARN_BOOL_CONVERSION = YES;
				CLANG_WARN_COMMA = YES;
				CLANG_WARN_CONSTANT_CONVERSION = YES;
				CLANG_WARN_DEPRECATED_OBJC_IMPLEMENTATIONS = YES;
				CLANG_WARN_DIRECT_OBJC_ISA_USAGE = YES_ERROR;
				CLANG_WARN_DOCUMENTATION_COMMENTS = YES;
				CLANG_WARN_EMPTY_BODY = YES;
				CLANG_WARN_ENUM_CONVERSION = YES;
				CLANG_WARN_INFINITE_RECURSION = YES;
				CLANG_WARN_INT_CONVERSION = YES;
				CLANG_WARN_NON_LITERAL_NULL_CONVERSION = YES;
				CLANG_WARN_OBJC_IMPLICIT_RETAIN_SELF = YES;
				CLANG_WARN_OBJC_LITERAL_CONVERSION = YES;
				CLANG_WARN_OBJC_ROOT_CLASS = YES_ERROR;
				CLANG_WARN_QUOTED_INCLUDE_IN_FRAMEWORK_HEADER = YES;
				CLANG_WARN_RANGE_LOOP_ANALYSIS = YES;
				CLANG_WARN_STRICT_PROTOTYPES = YES;
				CLANG_WARN_SUSPICIOUS_MOVE = YES;
				CLANG_WARN_UNGUARDED_AVAILABILITY = YES_AGGRESSIVE;
				CLANG_WARN_UNREACHABLE_CODE = YES;
				CLANG_WARN__DUPLICATE_METHOD_MATCH = YES;
				COPY_PHASE_STRIP = NO;
				DEBUG_INFORMATION_FORMAT = dwarf;
				ENABLE_STRICT_OBJC_MSGSEND = YES;
				ENABLE_TESTABILITY = YES;
				ENABLE_USER_SCRIPT_SANDBOXING = NO;
				GCC_C_LANGUAGE_STANDARD = gnu17;
				GCC_DYNAMIC_NO_PIC = NO;
				GCC_NO_COMMON_BLOCKS = YES;
				GCC_OPTIMIZATION_LEVEL = 0;
				GCC_PREPROCESSOR_DEFINITIONS = (
					"DEBUG=1",
					"$(inherited)",
				);
				GCC_WARN_64_TO_32_BIT_CONVERSION = YES;
				GCC_WARN_ABOUT_RETURN_TYPE = YES_ERROR;
				GCC_WARN_UNDECLARED_SELECTOR = YES;
				GCC_WARN_UNINITIALIZED_AUTOS = YES_AGGRESSIVE;
				GCC_WARN_UNUSED_FUNCTION = YES;
				GCC_WARN_UNUSED_VARIABLE = YES;
				IPHONEOS_DEPLOYMENT_TARGET = 17.4;
				LOCALIZATION_PREFERS_STRING_CATALOGS = YES;
				MTL_ENABLE_DEBUG_INFO = INCLUDE_SOURCE;
				MTL_FAST_MATH = YES;
				ONLY_ACTIVE_ARCH = YES;
				SDKROOT = iphoneos;
				SWIFT_ACTIVE_COMPILATION_CONDITIONS = "DEBUG $(inherited)";
				SWIFT_OPTIMIZATION_LEVEL = "-Onone";
			};
			name = Debug;
		};
		3DDC99F52BCADBB800F82B03 /* Release */ = {
			isa = XCBuildConfiguration;
			buildSettings = {
				ALWAYS_SEARCH_USER_PATHS = NO;
				ASSETCATALOG_COMPILER_GENERATE_SWIFT_ASSET_SYMBOL_EXTENSIONS = YES;
				CLANG_ANALYZER_NONNULL = YES;
				CLANG_ANALYZER_NUMBER_OBJECT_CONVERSION = YES_AGGRESSIVE;
				CLANG_CXX_LANGUAGE_STANDARD = "gnu++20";
				CLANG_ENABLE_MODULES = YES;
				CLANG_ENABLE_OBJC_ARC = YES;
				CLANG_ENABLE_OBJC_WEAK = YES;
				CLANG_WARN_BLOCK_CAPTURE_AUTORELEASING = YES;
				CLANG_WARN_BOOL_CONVERSION = YES;
				CLANG_WARN_COMMA = YES;
				CLANG_WARN_CONSTANT_CONVERSION = YES;
				CLANG_WARN_DEPRECATED_OBJC_IMPLEMENTATIONS = YES;
				CLANG_WARN_DIRECT_OBJC_ISA_USAGE = YES_ERROR;
				CLANG_WARN_DOCUMENTATION_COMMENTS = YES;
				CLANG_WARN_EMPTY_BODY = YES;
				CLANG_WARN_ENUM_CONVERSION = YES;
				CLANG_WARN_INFINITE_RECURSION = YES;
				CLANG_WARN_INT_CONVERSION = YES;
				CLANG_WARN_NON_LITERAL_NULL_CONVERSION = YES;
				CLANG_WARN_OBJC_IMPLICIT_RETAIN_SELF = YES;
				CLANG_WARN_OBJC_LITERAL_CONVERSION = YES;
				CLANG_WARN_OBJC_ROOT_CLASS = YES_ERROR;
				CLANG_WARN_QUOTED_INCLUDE_IN_FRAMEWORK_HEADER = YES;
				CLANG_WARN_RANGE_LOOP_ANALYSIS = YES;
				CLANG_WARN_STRICT_PROTOTYPES = YES;
				CLANG_WARN_SUSPICIOUS_MOVE = YES;
				CLANG_WARN_UNGUARDED_AVAILABILITY = YES_AGGRESSIVE;
				CLANG_WARN_UNREACHABLE_CODE = YES;
				CLANG_WARN__DUPLICATE_METHOD_MATCH = YES;
				COPY_PHASE_STRIP = NO;
				DEBUG_INFORMATION_FORMAT = "dwarf-with-dsym";
				ENABLE_NS_ASSERTIONS = NO;
				ENABLE_STRICT_OBJC_MSGSEND = YES;
				ENABLE_USER_SCRIPT_SANDBOXING = NO;
				GCC_C_LANGUAGE_STANDARD = gnu17;
				GCC_NO_COMMON_BLOCKS = YES;
				GCC_WARN_64_TO_32_BIT_CONVERSION = YES;
				GCC_WARN_ABOUT_RETURN_TYPE = YES_ERROR;
				GCC_WARN_UNDECLARED_SELECTOR = YES;
				GCC_WARN_UNINITIALIZED_AUTOS = YES_AGGRESSIVE;
				GCC_WARN_UNUSED_FUNCTION = YES;
				GCC_WARN_UNUSED_VARIABLE = YES;
				IPHONEOS_DEPLOYMENT_TARGET = 17.4;
				LOCALIZATION_PREFERS_STRING_CATALOGS = YES;
				MTL_ENABLE_DEBUG_INFO = NO;
				MTL_FAST_MATH = YES;
				SDKROOT = iphoneos;
				SWIFT_COMPILATION_MODE = wholemodule;
				VALIDATE_PRODUCT = YES;
			};
			name = Release;
		};
		3DDC99F72BCADBB800F82B03 /* Debug */ = {
			isa = XCBuildConfiguration;
			baseConfigurationReference = 15B1515234B08E3B3003A970 /* Pods-SplashList.debug.xcconfig */;
			buildSettings = {
				ASSETCATALOG_COMPILER_APPICON_NAME = AppIcon;
				ASSETCATALOG_COMPILER_GLOBAL_ACCENT_COLOR_NAME = AccentColor;
				CODE_SIGN_STYLE = Automatic;
				CURRENT_PROJECT_VERSION = 1;
				DEVELOPMENT_TEAM = X92C87P8NQ;
				GENERATE_INFOPLIST_FILE = YES;
				INFOPLIST_FILE = SplashList/Info.plist;
				INFOPLIST_KEY_UIApplicationSupportsIndirectInputEvents = YES;
				INFOPLIST_KEY_UILaunchStoryboardName = LaunchScreen;
				INFOPLIST_KEY_UIMainStoryboardFile = Main;
				INFOPLIST_KEY_UISupportedInterfaceOrientations_iPad = "UIInterfaceOrientationPortrait UIInterfaceOrientationPortraitUpsideDown UIInterfaceOrientationLandscapeLeft UIInterfaceOrientationLandscapeRight";
				INFOPLIST_KEY_UISupportedInterfaceOrientations_iPhone = "UIInterfaceOrientationPortrait UIInterfaceOrientationLandscapeLeft UIInterfaceOrientationLandscapeRight";
				IPHONEOS_DEPLOYMENT_TARGET = 15.0;
				LD_RUNPATH_SEARCH_PATHS = (
					"$(inherited)",
					"@executable_path/Frameworks",
				);
				MARKETING_VERSION = 1.0;
				PRODUCT_BUNDLE_IDENTIFIER = com.SplashList;
				PRODUCT_NAME = "$(TARGET_NAME)";
				SUPPORTED_PLATFORMS = "iphoneos iphonesimulator";
				SUPPORTS_MACCATALYST = NO;
				SUPPORTS_MAC_DESIGNED_FOR_IPHONE_IPAD = NO;
				SUPPORTS_XR_DESIGNED_FOR_IPHONE_IPAD = NO;
				SWIFT_EMIT_LOC_STRINGS = YES;
				SWIFT_VERSION = 5.0;
				TARGETED_DEVICE_FAMILY = "1,2";
			};
			name = Debug;
		};
		3DDC99F82BCADBB800F82B03 /* Release */ = {
			isa = XCBuildConfiguration;
			baseConfigurationReference = 52BC092C680BA70A1E99E865 /* Pods-SplashList.release.xcconfig */;
			buildSettings = {
				ASSETCATALOG_COMPILER_APPICON_NAME = AppIcon;
				ASSETCATALOG_COMPILER_GLOBAL_ACCENT_COLOR_NAME = AccentColor;
				CODE_SIGN_STYLE = Automatic;
				CURRENT_PROJECT_VERSION = 1;
				DEVELOPMENT_TEAM = X92C87P8NQ;
				GENERATE_INFOPLIST_FILE = YES;
				INFOPLIST_FILE = SplashList/Info.plist;
				INFOPLIST_KEY_UIApplicationSupportsIndirectInputEvents = YES;
				INFOPLIST_KEY_UILaunchStoryboardName = LaunchScreen;
				INFOPLIST_KEY_UIMainStoryboardFile = Main;
				INFOPLIST_KEY_UISupportedInterfaceOrientations_iPad = "UIInterfaceOrientationPortrait UIInterfaceOrientationPortraitUpsideDown UIInterfaceOrientationLandscapeLeft UIInterfaceOrientationLandscapeRight";
				INFOPLIST_KEY_UISupportedInterfaceOrientations_iPhone = "UIInterfaceOrientationPortrait UIInterfaceOrientationLandscapeLeft UIInterfaceOrientationLandscapeRight";
				IPHONEOS_DEPLOYMENT_TARGET = 15.0;
				LD_RUNPATH_SEARCH_PATHS = (
					"$(inherited)",
					"@executable_path/Frameworks",
				);
				MARKETING_VERSION = 1.0;
				PRODUCT_BUNDLE_IDENTIFIER = com.SplashList;
				PRODUCT_NAME = "$(TARGET_NAME)";
				SUPPORTED_PLATFORMS = "iphoneos iphonesimulator";
				SUPPORTS_MACCATALYST = NO;
				SUPPORTS_MAC_DESIGNED_FOR_IPHONE_IPAD = NO;
				SUPPORTS_XR_DESIGNED_FOR_IPHONE_IPAD = NO;
				SWIFT_EMIT_LOC_STRINGS = YES;
				SWIFT_VERSION = 5.0;
				TARGETED_DEVICE_FAMILY = "1,2";
			};
			name = Release;
		};
/* End XCBuildConfiguration section */

/* Begin XCConfigurationList section */
		3DDC99DD2BCADBB700F82B03 /* Build configuration list for PBXProject "SplashList" */ = {
			isa = XCConfigurationList;
			buildConfigurations = (
				3DDC99F42BCADBB800F82B03 /* Debug */,
				3DDC99F52BCADBB800F82B03 /* Release */,
			);
			defaultConfigurationIsVisible = 0;
			defaultConfigurationName = Release;
		};
		3DDC99F62BCADBB800F82B03 /* Build configuration list for PBXNativeTarget "SplashList" */ = {
			isa = XCConfigurationList;
			buildConfigurations = (
				3DDC99F72BCADBB800F82B03 /* Debug */,
				3DDC99F82BCADBB800F82B03 /* Release */,
			);
			defaultConfigurationIsVisible = 0;
			defaultConfigurationName = Release;
		};
/* End XCConfigurationList section */
	};
	rootObject = 3DDC99DA2BCADBB700F82B03 /* Project object */;
}
